
Microsoft Visual Studio Solution File, Format Version 12.00
# Visual Studio Version 16
VisualStudioVersion = 16.0.32228.343
MinimumVisualStudioVersion = 10.0.40219.1
Project("{FAE04EC0-301F-11D3-BF4B-00C04F79EFBC}") = "Test1Retake", "Test1Retake\Test1Retake.csproj", "{C4009582-D71D-4473-B1E3-A526B2CE8DD1}"
EndProject
Global
	GlobalSection(SolutionConfigurationPlatforms) = preSolution
		Debug|Any CPU = Debug|Any CPU
		Release|Any CPU = Release|Any CPU
	EndGlobalSection
	GlobalSection(ProjectConfigurationPlatforms) = postSolution
		{C4009582-D71D-4473-B1E3-A526B2CE8DD1}.Debug|Any CPU.ActiveCfg = Debug|Any CPU
		{C4009582-D71D-4473-B1E3-A526B2CE8DD1}.Debug|Any CPU.Build.0 = Debug|Any CPU
		{C4009582-D71D-4473-B1E3-A526B2CE8DD1}.Release|Any CPU.ActiveCfg = Release|Any CPU
		{C4009582-D71D-4473-B1E3-A526B2CE8DD1}.Release|Any CPU.Build.0 = Release|Any CPU
	EndGlobalSection
	GlobalSection(SolutionProperties) = preSolution
		HideSolutionNode = FALSE
	EndGlobalSection
	GlobalSection(ExtensibilityGlobals) = postSolution
		SolutionGuid = {51988DF1-DB4F-40D4-A712-671DA54E89F8}
	EndGlobalSection
EndGlobal
